<?xml version="1.0" encoding="utf-8"?>
<Project ToolsVersion="4.0" xmlns="http://schemas.microsoft.com/developer/msbuild/2003">
  <ItemGroup>
    <Filter Include="Source Files">
      <UniqueIdentifier>{4FC737F1-C7A5-4376-A066-2A32D752A2FF}</UniqueIdentifier>
      <Extensions>cpp;c;cc;cxx;def;odl;idl;hpj;bat;asm;asmx</Extensions>
    </Filter>
    <Filter Include="Header Files">
      <UniqueIdentifier>{93995380-89BD-4b04-88EB-625FBE52EBFB}</UniqueIdentifier>
      <Extensions>h;hh;hpp;hxx;hm;inl;inc;xsd</Extensions>
    </Filter>
    <Filter Include="Resource Files">
      <UniqueIdentifier>{67DA6AB6-F800-4c08-8B7A-83BB121AAD01}</UniqueIdentifier>
      <Extensions>rc;ico;cur;bmp;dlg;rc2;rct;bin;rgs;gif;jpg;jpeg;jpe;resx;tiff;tif;png;wav;mfcribbon-ms</Extensions>
    </Filter>
    <Filter Include="Header Files\renderer">
      <UniqueIdentifier>{ec3d6452-4a6b-4eff-ab1a-eefd2f2d3dad}</UniqueIdentifier>
    </Filter>
    <Filter Include="Source Files\renderer">
      <UniqueIdentifier>{d84cd263-361c-45d9-a7d1-3176be7e7466}</UniqueIdentifier>
    </Filter>
  </ItemGroup>
  <ItemGroup>
    <Text Include="ReadMe.txt" />
  </ItemGroup>
  <ItemGroup>
    <ClInclude Include="stdafx.h">
      <Filter>Header Files</Filter>
    </ClInclude>
    <ClInclude Include="targetver.h">
      <Filter>Header Files</Filter>
    </ClInclude>
    <ClInclude Include="api-command.h">
      <Filter>Header Files\renderer</Filter>
    </ClInclude>
    <ClInclude Include="buffer-channel.h">
      <Filter>Header Files\renderer</Filter>
    </ClInclude>
    <ClInclude Include="buffer-clear.h">
      <Filter>Header Files\renderer</Filter>
    </ClInclude>
    <ClInclude Include="buffer-factory.h">
      <Filter>Header Files\renderer</Filter>
    </ClInclude>
    <ClInclude Include="buffer-layout.h">
      <Filter>Header Files\renderer</Filter>
    </ClInclude>
    <ClInclude Include="buffer-tiling.h">
      <Filter>Header Files\renderer</Filter>
    </ClInclude>
    <ClInclude Include="cache-tag.h">
      <Filter>Header Files\renderer</Filter>
    </ClInclude>
    <ClInclude Include="clipper.h">
      <Filter>Header Files\renderer</Filter>
    </ClInclude>
    <ClInclude Include="clipper-batch.h">
      <Filter>Header Files\renderer</Filter>
    </ClInclude>
    <ClInclude Include="clipper-state.h">
      <Filter>Header Files\renderer</Filter>
    </ClInclude>
    <ClInclude Include="command-thread.h">
      <Filter>Header Files\renderer</Filter>
    </ClInclude>
    <ClInclude Include="crender.h">
      <Filter>Header Files\renderer</Filter>
    </ClInclude>
    <ClInclude Include="crender-base.h">
      <Filter>Header Files\renderer</Filter>
    </ClInclude>
    <ClInclude Include="cr-image-buffer.h">
      <Filter>Header Files\renderer</Filter>
    </ClInclude>
    <ClInclude Include="cr-memory-pool.h">
      <Filter>Header Files\renderer</Filter>
    </ClInclude>
    <ClInclude Include="cr-pixel-shader.h">
      <Filter>Header Files\renderer</Filter>
    </ClInclude>
    <ClInclude Include="cr-pool-block.h">
      <Filter>Header Files\renderer</Filter>
    </ClInclude>
    <ClInclude Include="cr-shader-const.h">
      <Filter>Header Files\renderer</Filter>
    </ClInclude>
    <ClInclude Include="cr-texture-2d.h">
      <Filter>Header Files\renderer</Filter>
    </ClInclude>
    <ClInclude Include="cr-vertex-buffer.h">
      <Filter>Header Files\renderer</Filter>
    </ClInclude>
    <ClInclude Include="cr-vertex-format.h">
      <Filter>Header Files\renderer</Filter>
    </ClInclude>
    <ClInclude Include="cr-vertex-shader.h">
      <Filter>Header Files\renderer</Filter>
    </ClInclude>
    <ClInclude Include="draw-batch.h">
      <Filter>Header Files\renderer</Filter>
    </ClInclude>
    <ClInclude Include="draw-call.h">
      <Filter>Header Files\renderer</Filter>
    </ClInclude>
    <ClInclude Include="fragment-format.h">
      <Filter>Header Files\renderer</Filter>
    </ClInclude>
    <ClInclude Include="fragment-var.h">
      <Filter>Header Files\renderer</Filter>
    </ClInclude>
    <ClInclude Include="locking-queue.h">
      <Filter>Header Files\renderer</Filter>
    </ClInclude>
    <ClInclude Include="locking-stage.h">
      <Filter>Header Files\renderer</Filter>
    </ClInclude>
    <ClInclude Include="locking-task.h">
      <Filter>Header Files\renderer</Filter>
    </ClInclude>
    <ClInclude Include="pipeline.h">
      <Filter>Header Files\renderer</Filter>
    </ClInclude>
    <ClInclude Include="pipeline-batch.h">
      <Filter>Header Files\renderer</Filter>
    </ClInclude>
    <ClInclude Include="pipeline-stage.h">
      <Filter>Header Files\renderer</Filter>
    </ClInclude>
    <ClInclude Include="primitive-data.h">
      <Filter>Header Files\renderer</Filter>
    </ClInclude>
    <ClInclude Include="pshader-input.h">
      <Filter>Header Files\renderer</Filter>
    </ClInclude>
    <ClInclude Include="pshader-input-semantic.h">
      <Filter>Header Files\renderer</Filter>
    </ClInclude>
    <ClInclude Include="pshader-instance.h">
      <Filter>Header Files\renderer</Filter>
    </ClInclude>
    <ClInclude Include="pshader-output.h">
      <Filter>Header Files\renderer</Filter>
    </ClInclude>
    <ClInclude Include="pshader-output-semantic.h">
      <Filter>Header Files\renderer</Filter>
    </ClInclude>
    <ClInclude Include="pshader-texture.h">
      <Filter>Header Files\renderer</Filter>
    </ClInclude>
    <ClInclude Include="pshader-wrapper.h">
      <Filter>Header Files\renderer</Filter>
    </ClInclude>
    <ClInclude Include="quad-format.h">
      <Filter>Header Files\renderer</Filter>
    </ClInclude>
    <ClInclude Include="rasterizer-batch.h">
      <Filter>Header Files\renderer</Filter>
    </ClInclude>
    <ClInclude Include="rasterizer-cr.h">
      <Filter>Header Files\renderer</Filter>
    </ClInclude>
    <ClInclude Include="render-state.h">
      <Filter>Header Files\renderer</Filter>
    </ClInclude>
    <ClInclude Include="rendertarget-cr.h">
      <Filter>Header Files\renderer</Filter>
    </ClInclude>
    <ClInclude Include="render-task.h">
      <Filter>Header Files\renderer</Filter>
    </ClInclude>
    <ClInclude Include="render-thread.h">
      <Filter>Header Files\renderer</Filter>
    </ClInclude>
    <ClInclude Include="rtarget-data.h">
      <Filter>Header Files\renderer</Filter>
    </ClInclude>
    <ClInclude Include="shader-common.h">
      <Filter>Header Files\renderer</Filter>
    </ClInclude>
    <ClInclude Include="shader-const-data.h">
      <Filter>Header Files\renderer</Filter>
    </ClInclude>
    <ClInclude Include="shader-datatype.h">
      <Filter>Header Files\renderer</Filter>
    </ClInclude>
    <ClInclude Include="shader-link.h">
      <Filter>Header Files\renderer</Filter>
    </ClInclude>
    <ClInclude Include="shader-manager.h">
      <Filter>Header Files\renderer</Filter>
    </ClInclude>
    <ClInclude Include="shader-wrapper.h">
      <Filter>Header Files\renderer</Filter>
    </ClInclude>
    <ClInclude Include="task-clipper.h">
      <Filter>Header Files\renderer</Filter>
    </ClInclude>
    <ClInclude Include="task-pshader.h">
      <Filter>Header Files\renderer</Filter>
    </ClInclude>
    <ClInclude Include="task-rasterizer.h">
      <Filter>Header Files\renderer</Filter>
    </ClInclude>
    <ClInclude Include="task-triangle-setup.h">
      <Filter>Header Files\renderer</Filter>
    </ClInclude>
    <ClInclude Include="triangle-batch.h">
      <Filter>Header Files\renderer</Filter>
    </ClInclude>
    <ClInclude Include="triangle-data.h">
      <Filter>Header Files\renderer</Filter>
    </ClInclude>
    <ClInclude Include="vertex-stream.h">
      <Filter>Header Files\renderer</Filter>
    </ClInclude>
    <ClInclude Include="vertex-variable.h">
      <Filter>Header Files\renderer</Filter>
    </ClInclude>
    <ClInclude Include="viewport-state.h">
      <Filter>Header Files\renderer</Filter>
    </ClInclude>
    <ClInclude Include="vshader-input.h">
      <Filter>Header Files\renderer</Filter>
    </ClInclude>
    <ClInclude Include="vshader-input-semantic.h">
      <Filter>Header Files\renderer</Filter>
    </ClInclude>
    <ClInclude Include="vshader-instance.h">
      <Filter>Header Files\renderer</Filter>
    </ClInclude>
    <ClInclude Include="vshader-output.h">
      <Filter>Header Files\renderer</Filter>
    </ClInclude>
    <ClInclude Include="vshader-wrapper.h">
      <Filter>Header Files\renderer</Filter>
    </ClInclude>
    <ClInclude Include="crender-context.h">
      <Filter>Header Files\renderer</Filter>
    </ClInclude>
    <ClInclude Include="cr-swap-chain.h">
      <Filter>Header Files\renderer</Filter>
    </ClInclude>
    <ClInclude Include="cr-sampler-state.h">
      <Filter>Header Files\renderer</Filter>
    </ClInclude>
    <ClInclude Include="cr-resource.h">
      <Filter>Header Files\renderer</Filter>
    </ClInclude>
    <ClInclude Include="cr-shader-view-tex2d.h">
      <Filter>Header Files\renderer</Filter>
    </ClInclude>
    <ClInclude Include="texture-unit.h">
      <Filter>Header Files\renderer</Filter>
    </ClInclude>
    <ClInclude Include="cr-shader-view.h">
      <Filter>Header Files\renderer</Filter>
    </ClInclude>
  </ItemGroup>
  <ItemGroup>
    <ClCompile Include="stdafx.cpp">
      <Filter>Source Files</Filter>
    </ClCompile>
    <ClCompile Include="crender-mt.cpp">
      <Filter>Source Files</Filter>
    </ClCompile>
    <ClCompile Include="dllmain.cpp">
      <Filter>Source Files</Filter>
    </ClCompile>
    <ClCompile Include="api-command.cpp">
      <Filter>Source Files\renderer</Filter>
    </ClCompile>
    <ClCompile Include="buffer-clear.cpp">
      <Filter>Source Files\renderer</Filter>
    </ClCompile>
    <ClCompile Include="buffer-factory.cpp">
      <Filter>Source Files\renderer</Filter>
    </ClCompile>
    <ClCompile Include="clipper.cpp">
      <Filter>Source Files\renderer</Filter>
    </ClCompile>
    <ClCompile Include="clipper-batch.cpp">
      <Filter>Source Files\renderer</Filter>
    </ClCompile>
    <ClCompile Include="cmd-clear-depth.cpp">
      <Filter>Source Files\renderer</Filter>
    </ClCompile>
    <ClCompile Include="cmd-clear-target.cpp">
      <Filter>Source Files\renderer</Filter>
    </ClCompile>
    <ClCompile Include="cmd-draw.cpp">
      <Filter>Source Files\renderer</Filter>
    </ClCompile>
    <ClCompile Include="cmd-flip-buffers.cpp">
      <Filter>Source Files\renderer</Filter>
    </ClCompile>
    <ClCompile Include="command-thread.cpp">
      <Filter>Source Files\renderer</Filter>
    </ClCompile>
    <ClCompile Include="cr-image-buffer.cpp">
      <Filter>Source Files\renderer</Filter>
    </ClCompile>
    <ClCompile Include="cr-pixel-shader.cpp">
      <Filter>Source Files\renderer</Filter>
    </ClCompile>
    <ClCompile Include="cr-scene.cpp">
      <Filter>Source Files\renderer</Filter>
    </ClCompile>
    <ClCompile Include="cr-setup.cpp">
      <Filter>Source Files\renderer</Filter>
    </ClCompile>
    <ClCompile Include="cr-shader-const.cpp">
      <Filter>Source Files\renderer</Filter>
    </ClCompile>
    <ClCompile Include="cr-texture-2d.cpp">
      <Filter>Source Files\renderer</Filter>
    </ClCompile>
    <ClCompile Include="cr-vertex-buffer.cpp">
      <Filter>Source Files\renderer</Filter>
    </ClCompile>
    <ClCompile Include="cr-vertex-format.cpp">
      <Filter>Source Files\renderer</Filter>
    </ClCompile>
    <ClCompile Include="cr-vertex-shader.cpp">
      <Filter>Source Files\renderer</Filter>
    </ClCompile>
    <ClCompile Include="depth-test-port.cpp">
      <Filter>Source Files\renderer</Filter>
    </ClCompile>
    <ClCompile Include="draw-batch.cpp">
      <Filter>Source Files\renderer</Filter>
    </ClCompile>
    <ClCompile Include="fragment-format.cpp">
      <Filter>Source Files\renderer</Filter>
    </ClCompile>
    <ClCompile Include="locking-queue.cpp">
      <Filter>Source Files\renderer</Filter>
    </ClCompile>
    <ClCompile Include="locking-stage.cpp">
      <Filter>Source Files\renderer</Filter>
    </ClCompile>
    <ClCompile Include="locking-task.cpp">
      <Filter>Source Files\renderer</Filter>
    </ClCompile>
    <ClCompile Include="pipeline.cpp">
      <Filter>Source Files\renderer</Filter>
    </ClCompile>
    <ClCompile Include="pipeline-batch.cpp">
      <Filter>Source Files\renderer</Filter>
    </ClCompile>
    <ClCompile Include="pipeline-stage.cpp">
      <Filter>Source Files\renderer</Filter>
    </ClCompile>
    <ClCompile Include="pshader-input.cpp">
      <Filter>Source Files\renderer</Filter>
    </ClCompile>
    <ClCompile Include="pshader-instance.cpp">
      <Filter>Source Files\renderer</Filter>
    </ClCompile>
    <ClCompile Include="pshader-output.cpp">
      <Filter>Source Files\renderer</Filter>
    </ClCompile>
    <ClCompile Include="pshader-wrapper.cpp">
      <Filter>Source Files\renderer</Filter>
    </ClCompile>
    <ClCompile Include="quad-format.cpp">
      <Filter>Source Files\renderer</Filter>
    </ClCompile>
    <ClCompile Include="ras-coverage-test.cpp">
      <Filter>Source Files\renderer</Filter>
    </ClCompile>
    <ClCompile Include="rasterizer-batch.cpp">
      <Filter>Source Files\renderer</Filter>
    </ClCompile>
    <ClCompile Include="rasterizer-setup.cpp">
      <Filter>Source Files\renderer</Filter>
    </ClCompile>
    <ClCompile Include="rasterizer-work.cpp">
      <Filter>Source Files\renderer</Filter>
    </ClCompile>
    <ClCompile Include="render-state.cpp">
      <Filter>Source Files\renderer</Filter>
    </ClCompile>
    <ClCompile Include="rendertarget-cr.cpp">
      <Filter>Source Files\renderer</Filter>
    </ClCompile>
    <ClCompile Include="render-thread.cpp">
      <Filter>Source Files\renderer</Filter>
    </ClCompile>
    <ClCompile Include="rtarget-buffer-swap.cpp">
      <Filter>Source Files\renderer</Filter>
    </ClCompile>
    <ClCompile Include="rtarget-clear.cpp">
      <Filter>Source Files\renderer</Filter>
    </ClCompile>
    <ClCompile Include="rtarget-data.cpp">
      <Filter>Source Files\renderer</Filter>
    </ClCompile>
    <ClCompile Include="rtarget-depth-test.cpp">
      <Filter>Source Files\renderer</Filter>
    </ClCompile>
    <ClCompile Include="setup-vertex.cpp">
      <Filter>Source Files\renderer</Filter>
    </ClCompile>
    <ClCompile Include="shader-float4.cpp">
      <Filter>Source Files\renderer</Filter>
    </ClCompile>
    <ClCompile Include="shader-link.cpp">
      <Filter>Source Files\renderer</Filter>
    </ClCompile>
    <ClCompile Include="task-clipper.cpp">
      <Filter>Source Files\renderer</Filter>
    </ClCompile>
    <ClCompile Include="task-pshader.cpp">
      <Filter>Source Files\renderer</Filter>
    </ClCompile>
    <ClCompile Include="task-rasterizer.cpp">
      <Filter>Source Files\renderer</Filter>
    </ClCompile>
    <ClCompile Include="task-triangle-setup.cpp">
      <Filter>Source Files\renderer</Filter>
    </ClCompile>
    <ClCompile Include="triangle-batch.cpp">
      <Filter>Source Files\renderer</Filter>
    </ClCompile>
    <ClCompile Include="vshader-input.cpp">
      <Filter>Source Files\renderer</Filter>
    </ClCompile>
    <ClCompile Include="vshader-instance.cpp">
      <Filter>Source Files\renderer</Filter>
    </ClCompile>
    <ClCompile Include="vshader-output.cpp">
      <Filter>Source Files\renderer</Filter>
    </ClCompile>
    <ClCompile Include="vshader-wrapper.cpp">
      <Filter>Source Files\renderer</Filter>
    </ClCompile>
    <ClCompile Include="crender-context.cpp">
      <Filter>Source Files\renderer</Filter>
    </ClCompile>
    <ClCompile Include="cr-swap-chain.cpp">
      <Filter>Source Files\renderer</Filter>
    </ClCompile>
    <ClCompile Include="cr-sampler-state.cpp">
      <Filter>Source Files\renderer</Filter>
    </ClCompile>
    <ClCompile Include="cr-shader-view-tex2d.cpp">
      <Filter>Source Files\renderer</Filter>
    </ClCompile>
    <ClCompile Include="cr-resource.cpp">
      <Filter>Source Files\renderer</Filter>
    </ClCompile>
    <ClCompile Include="texture-unit.cpp">
      <Filter>Source Files\renderer</Filter>
    </ClCompile>
    <ClCompile Include="crender-pshader.cpp">
      <Filter>Source Files\renderer</Filter>
    </ClCompile>
  </ItemGroup>
</Project>