<?xml version="1.0" encoding="utf-8"?>
<Project ToolsVersion="4.0" xmlns="http://schemas.microsoft.com/developer/msbuild/2003">
  <ItemGroup>
    <Filter Include="Source Files">
      <UniqueIdentifier>{4FC737F1-C7A5-4376-A066-2A32D752A2FF}</UniqueIdentifier>
      <Extensions>cpp;c;cc;cxx;def;odl;idl;hpj;bat;asm;asmx</Extensions>
    </Filter>
    <Filter Include="Header Files">
      <UniqueIdentifier>{93995380-89BD-4b04-88EB-625FBE52EBFB}</UniqueIdentifier>
      <Extensions>h;hh;hpp;hxx;hm;inl;inc;xsd</Extensions>
    </Filter>
    <Filter Include="Resource Files">
      <UniqueIdentifier>{67DA6AB6-F800-4c08-8B7A-83BB121AAD01}</UniqueIdentifier>
      <Extensions>rc;ico;cur;bmp;dlg;rc2;rct;bin;rgs;gif;jpg;jpeg;jpe;resx;tiff;tif;png;wav;mfcribbon-ms</Extensions>
    </Filter>
    <Filter Include="Header Files\platform">
      <UniqueIdentifier>{35fd738b-0f4e-4086-ad3d-6d92e09e1dfd}</UniqueIdentifier>
    </Filter>
    <Filter Include="Source Files\platform">
      <UniqueIdentifier>{12a1bad9-9fd3-402c-baa4-2dd4a1346fe6}</UniqueIdentifier>
    </Filter>
  </ItemGroup>
  <ItemGroup>
    <Text Include="ReadMe.txt" />
  </ItemGroup>
  <ItemGroup>
    <ClInclude Include="stdafx.h">
      <Filter>Header Files</Filter>
    </ClInclude>
    <ClInclude Include="targetver.h">
      <Filter>Header Files</Filter>
    </ClInclude>
    <ClInclude Include="include\ceng-win32.h">
      <Filter>Header Files\platform</Filter>
    </ClInclude>
    <ClInclude Include="include\cpu-x86.h">
      <Filter>Header Files\platform</Filter>
    </ClInclude>
    <ClInclude Include="include\graphics-2d-d3d9.h">
      <Filter>Header Files\platform</Filter>
    </ClInclude>
    <ClInclude Include="include\graphics-2d-d3d10.h">
      <Filter>Header Files\platform</Filter>
    </ClInclude>
    <ClInclude Include="include\system-info.h">
      <Filter>Header Files\platform</Filter>
    </ClInclude>
    <ClInclude Include="include\win32-cond-var.h">
      <Filter>Header Files\platform</Filter>
    </ClInclude>
    <ClInclude Include="include\win32-crend-d3d9.h">
      <Filter>Header Files\platform</Filter>
    </ClInclude>
    <ClInclude Include="include\win32-crend-d3d10.h">
      <Filter>Header Files\platform</Filter>
    </ClInclude>
    <ClInclude Include="include\win32-crit-section.h">
      <Filter>Header Files\platform</Filter>
    </ClInclude>
    <ClInclude Include="include\win32-d3d9.h">
      <Filter>Header Files\platform</Filter>
    </ClInclude>
    <ClInclude Include="include\win32-dll.h">
      <Filter>Header Files\platform</Filter>
    </ClInclude>
    <ClInclude Include="include\win32-keyboard.h">
      <Filter>Header Files\platform</Filter>
    </ClInclude>
    <ClInclude Include="include\win32-mutex.h">
      <Filter>Header Files\platform</Filter>
    </ClInclude>
    <ClInclude Include="include\win32-thread.h">
      <Filter>Header Files\platform</Filter>
    </ClInclude>
    <ClInclude Include="include\win32-types.h">
      <Filter>Header Files\platform</Filter>
    </ClInclude>
    <ClInclude Include="include\win32-window.h">
      <Filter>Header Files\platform</Filter>
    </ClInclude>
    <ClInclude Include="include\winproc-thunk.h">
      <Filter>Header Files\platform</Filter>
    </ClInclude>
    <ClInclude Include="include\d3d9-adapter.h">
      <Filter>Header Files\platform</Filter>
    </ClInclude>
    <ClInclude Include="include\d3d9-swap-chain.h">
      <Filter>Header Files\platform</Filter>
    </ClInclude>
    <ClInclude Include="include\d3d9-render-device.h">
      <Filter>Header Files\platform</Filter>
    </ClInclude>
  </ItemGroup>
  <ItemGroup>
    <ClCompile Include="stdafx.cpp">
      <Filter>Source Files</Filter>
    </ClCompile>
    <ClCompile Include="ceng-win32.cpp">
      <Filter>Source Files</Filter>
    </ClCompile>
    <ClCompile Include="dllmain.cpp">
      <Filter>Source Files</Filter>
    </ClCompile>
    <ClCompile Include="source\cpu-x86.cpp">
      <Filter>Source Files\platform</Filter>
    </ClCompile>
    <ClCompile Include="source\graphics-2d-d3d9.cpp">
      <Filter>Source Files\platform</Filter>
    </ClCompile>
    <ClCompile Include="source\graphics-2d-d3d10.cpp">
      <Filter>Source Files\platform</Filter>
    </ClCompile>
    <ClCompile Include="source\layer-win32.cpp">
      <Filter>Source Files\platform</Filter>
    </ClCompile>
    <ClCompile Include="source\win32-cond-var.cpp">
      <Filter>Source Files\platform</Filter>
    </ClCompile>
    <ClCompile Include="source\win32-crend-d3d9.cpp">
      <Filter>Source Files\platform</Filter>
    </ClCompile>
    <ClCompile Include="source\win32-crend-d3d10.cpp">
      <Filter>Source Files\platform</Filter>
    </ClCompile>
    <ClCompile Include="source\win32-crit-section.cpp">
      <Filter>Source Files\platform</Filter>
    </ClCompile>
    <ClCompile Include="source\win32-d3d9.cpp">
      <Filter>Source Files\platform</Filter>
    </ClCompile>
    <ClCompile Include="source\win32-dll.cpp">
      <Filter>Source Files\platform</Filter>
    </ClCompile>
    <ClCompile Include="source\win32-keyboard.cpp">
      <Filter>Source Files\platform</Filter>
    </ClCompile>
    <ClCompile Include="source\win32-mutex.cpp">
      <Filter>Source Files\platform</Filter>
    </ClCompile>
    <ClCompile Include="source\win32-thread.cpp">
      <Filter>Source Files\platform</Filter>
    </ClCompile>
    <ClCompile Include="source\win32-window.cpp">
      <Filter>Source Files\platform</Filter>
    </ClCompile>
    <ClCompile Include="source\winproc-thunk.cpp">
      <Filter>Source Files\platform</Filter>
    </ClCompile>
    <ClCompile Include="source\graphics-system.cpp">
      <Filter>Source Files\platform</Filter>
    </ClCompile>
    <ClCompile Include="source\d3d9-adapter.cpp">
      <Filter>Source Files\platform</Filter>
    </ClCompile>
    <ClCompile Include="source\d3d9-swap-chain.cpp">
      <Filter>Source Files\platform</Filter>
    </ClCompile>
  </ItemGroup>
</Project>