
Microsoft Visual Studio Solution File, Format Version 12.00
# Visual Studio Express 2013 for Windows Desktop
VisualStudioVersion = 12.0.40629.0
MinimumVisualStudioVersion = 10.0.40219.1
Project("{8BC9CEB8-8B4A-11D0-8D11-00A0C91BC942}") = "liblog", "liblog\liblog.vcxproj", "{7249839D-57C5-48D2-BBE3-CBA9035A7FF3}"
	ProjectSection(ProjectDependencies) = postProject
		{3B73D8F5-E978-4B9A-94CD-9F30D9636CFE} = {3B73D8F5-E978-4B9A-94CD-9F30D9636CFE}
	EndProjectSection
EndProject
Project("{8BC9CEB8-8B4A-11D0-8D11-00A0C91BC942}") = "include", "include\include.vcxproj", "{3B73D8F5-E978-4B9A-94CD-9F30D9636CFE}"
EndProject
Project("{8BC9CEB8-8B4A-11D0-8D11-00A0C91BC942}") = "ceng-win32", "ceng-win32\ceng-win32.vcxproj", "{79952CFB-F168-4AAC-8385-0329BFDC7935}"
	ProjectSection(ProjectDependencies) = postProject
		{7249839D-57C5-48D2-BBE3-CBA9035A7FF3} = {7249839D-57C5-48D2-BBE3-CBA9035A7FF3}
		{3B73D8F5-E978-4B9A-94CD-9F30D9636CFE} = {3B73D8F5-E978-4B9A-94CD-9F30D9636CFE}
	EndProjectSection
EndProject
Project("{8BC9CEB8-8B4A-11D0-8D11-00A0C91BC942}") = "crender-mt", "crender-mt\crender-mt.vcxproj", "{ABFF4CA7-05F7-47EB-90EF-A6846B53532B}"
	ProjectSection(ProjectDependencies) = postProject
		{7249839D-57C5-48D2-BBE3-CBA9035A7FF3} = {7249839D-57C5-48D2-BBE3-CBA9035A7FF3}
		{3B73D8F5-E978-4B9A-94CD-9F30D9636CFE} = {3B73D8F5-E978-4B9A-94CD-9F30D9636CFE}
		{79952CFB-F168-4AAC-8385-0329BFDC7935} = {79952CFB-F168-4AAC-8385-0329BFDC7935}
	EndProjectSection
EndProject
Project("{8BC9CEB8-8B4A-11D0-8D11-00A0C91BC942}") = "soft-render-test", "soft-render-test\soft-render-test.vcxproj", "{53A509CB-E1B8-498E-B534-3ABCCB8E6DA7}"
	ProjectSection(ProjectDependencies) = postProject
		{CBDA0568-0482-42B1-B0A9-B1E7525C0093} = {CBDA0568-0482-42B1-B0A9-B1E7525C0093}
		{7249839D-57C5-48D2-BBE3-CBA9035A7FF3} = {7249839D-57C5-48D2-BBE3-CBA9035A7FF3}
		{ABFF4CA7-05F7-47EB-90EF-A6846B53532B} = {ABFF4CA7-05F7-47EB-90EF-A6846B53532B}
		{3B73D8F5-E978-4B9A-94CD-9F30D9636CFE} = {3B73D8F5-E978-4B9A-94CD-9F30D9636CFE}
		{79952CFB-F168-4AAC-8385-0329BFDC7935} = {79952CFB-F168-4AAC-8385-0329BFDC7935}
	EndProjectSection
EndProject
Project("{8BC9CEB8-8B4A-11D0-8D11-00A0C91BC942}") = "timerlib", "timerlib\timerlib.vcxproj", "{CBDA0568-0482-42B1-B0A9-B1E7525C0093}"
EndProject
Project("{8BC9CEB8-8B4A-11D0-8D11-00A0C91BC942}") = "string-test", "string-test\string-test.vcxproj", "{6DEF449C-A879-46EE-A4C5-A376A6D52867}"
EndProject
Project("{8BC9CEB8-8B4A-11D0-8D11-00A0C91BC942}") = "d3d9-test", "d3d9-test\d3d9-test.vcxproj", "{6E9B14B2-C885-44F1-90BC-EDEB81D495E7}"
	ProjectSection(ProjectDependencies) = postProject
		{CBDA0568-0482-42B1-B0A9-B1E7525C0093} = {CBDA0568-0482-42B1-B0A9-B1E7525C0093}
		{7249839D-57C5-48D2-BBE3-CBA9035A7FF3} = {7249839D-57C5-48D2-BBE3-CBA9035A7FF3}
		{3B73D8F5-E978-4B9A-94CD-9F30D9636CFE} = {3B73D8F5-E978-4B9A-94CD-9F30D9636CFE}
		{79952CFB-F168-4AAC-8385-0329BFDC7935} = {79952CFB-F168-4AAC-8385-0329BFDC7935}
	EndProjectSection
EndProject
Project("{8BC9CEB8-8B4A-11D0-8D11-00A0C91BC942}") = "alg-test", "alg-test\alg-test.vcxproj", "{6E4DF647-1323-4EF9-A2AA-2D6139BD897D}"
EndProject
Global
	GlobalSection(SolutionConfigurationPlatforms) = preSolution
		Debug|Win32 = Debug|Win32
		Release|Win32 = Release|Win32
	EndGlobalSection
	GlobalSection(ProjectConfigurationPlatforms) = postSolution
		{7249839D-57C5-48D2-BBE3-CBA9035A7FF3}.Debug|Win32.ActiveCfg = Debug|Win32
		{7249839D-57C5-48D2-BBE3-CBA9035A7FF3}.Debug|Win32.Build.0 = Debug|Win32
		{7249839D-57C5-48D2-BBE3-CBA9035A7FF3}.Release|Win32.ActiveCfg = Release|Win32
		{7249839D-57C5-48D2-BBE3-CBA9035A7FF3}.Release|Win32.Build.0 = Release|Win32
		{3B73D8F5-E978-4B9A-94CD-9F30D9636CFE}.Debug|Win32.ActiveCfg = Debug|Win32
		{3B73D8F5-E978-4B9A-94CD-9F30D9636CFE}.Debug|Win32.Build.0 = Debug|Win32
		{3B73D8F5-E978-4B9A-94CD-9F30D9636CFE}.Release|Win32.ActiveCfg = Release|Win32
		{3B73D8F5-E978-4B9A-94CD-9F30D9636CFE}.Release|Win32.Build.0 = Release|Win32
		{79952CFB-F168-4AAC-8385-0329BFDC7935}.Debug|Win32.ActiveCfg = Debug|Win32
		{79952CFB-F168-4AAC-8385-0329BFDC7935}.Debug|Win32.Build.0 = Debug|Win32
		{79952CFB-F168-4AAC-8385-0329BFDC7935}.Release|Win32.ActiveCfg = Release|Win32
		{79952CFB-F168-4AAC-8385-0329BFDC7935}.Release|Win32.Build.0 = Release|Win32
		{ABFF4CA7-05F7-47EB-90EF-A6846B53532B}.Debug|Win32.ActiveCfg = Debug|Win32
		{ABFF4CA7-05F7-47EB-90EF-A6846B53532B}.Debug|Win32.Build.0 = Debug|Win32
		{ABFF4CA7-05F7-47EB-90EF-A6846B53532B}.Release|Win32.ActiveCfg = Release|Win32
		{ABFF4CA7-05F7-47EB-90EF-A6846B53532B}.Release|Win32.Build.0 = Release|Win32
		{53A509CB-E1B8-498E-B534-3ABCCB8E6DA7}.Debug|Win32.ActiveCfg = Debug|Win32
		{53A509CB-E1B8-498E-B534-3ABCCB8E6DA7}.Debug|Win32.Build.0 = Debug|Win32
		{53A509CB-E1B8-498E-B534-3ABCCB8E6DA7}.Release|Win32.ActiveCfg = Release|Win32
		{53A509CB-E1B8-498E-B534-3ABCCB8E6DA7}.Release|Win32.Build.0 = Release|Win32
		{CBDA0568-0482-42B1-B0A9-B1E7525C0093}.Debug|Win32.ActiveCfg = Debug|Win32
		{CBDA0568-0482-42B1-B0A9-B1E7525C0093}.Debug|Win32.Build.0 = Debug|Win32
		{CBDA0568-0482-42B1-B0A9-B1E7525C0093}.Release|Win32.ActiveCfg = Release|Win32
		{CBDA0568-0482-42B1-B0A9-B1E7525C0093}.Release|Win32.Build.0 = Release|Win32
		{6DEF449C-A879-46EE-A4C5-A376A6D52867}.Debug|Win32.ActiveCfg = Debug|Win32
		{6DEF449C-A879-46EE-A4C5-A376A6D52867}.Debug|Win32.Build.0 = Debug|Win32
		{6DEF449C-A879-46EE-A4C5-A376A6D52867}.Release|Win32.ActiveCfg = Release|Win32
		{6DEF449C-A879-46EE-A4C5-A376A6D52867}.Release|Win32.Build.0 = Release|Win32
		{6E9B14B2-C885-44F1-90BC-EDEB81D495E7}.Debug|Win32.ActiveCfg = Debug|Win32
		{6E9B14B2-C885-44F1-90BC-EDEB81D495E7}.Debug|Win32.Build.0 = Debug|Win32
		{6E9B14B2-C885-44F1-90BC-EDEB81D495E7}.Release|Win32.ActiveCfg = Release|Win32
		{6E9B14B2-C885-44F1-90BC-EDEB81D495E7}.Release|Win32.Build.0 = Release|Win32
		{6E4DF647-1323-4EF9-A2AA-2D6139BD897D}.Debug|Win32.ActiveCfg = Debug|Win32
		{6E4DF647-1323-4EF9-A2AA-2D6139BD897D}.Debug|Win32.Build.0 = Debug|Win32
		{6E4DF647-1323-4EF9-A2AA-2D6139BD897D}.Release|Win32.ActiveCfg = Release|Win32
		{6E4DF647-1323-4EF9-A2AA-2D6139BD897D}.Release|Win32.Build.0 = Release|Win32
	EndGlobalSection
	GlobalSection(SolutionProperties) = preSolution
		HideSolutionNode = FALSE
	EndGlobalSection
EndGlobal
